// !$*UTF8*$!
{
	archiveVersion = 1;
	classes = {
	};
	objectVersion = 50;
	objects = {

/* Begin PBXBuildFile section */
		170B2ECF25E88FA30021A34A /* main.swift in Sources */ = {isa = PBXBuildFile; fileRef = 170B2ECE25E88FA30021A34A /* main.swift */; };
		170B2ED725E890320021A34A /* NQueue.swift in Sources */ = {isa = PBXBuildFile; fileRef = 170B2ED625E890320021A34A /* NQueue.swift */; };
		170B2EDC25E8A2500021A34A /* FindNearestAncestor.swift in Sources */ = {isa = PBXBuildFile; fileRef = 170B2EDB25E8A2500021A34A /* FindNearestAncestor.swift */; };
		170B2EDF25E8CA740021A34A /* RecoverBST.swift in Sources */ = {isa = PBXBuildFile; fileRef = 170B2EDE25E8CA740021A34A /* RecoverBST.swift */; };
		17553C3C25FA5F9A0035B7F1 /* ShortPath.swift in Sources */ = {isa = PBXBuildFile; fileRef = 17553C3725FA5F9A0035B7F1 /* ShortPath.swift */; };
		17553C3D25FA5F9A0035B7F1 /* TopK.swift in Sources */ = {isa = PBXBuildFile; fileRef = 17553C3825FA5F9A0035B7F1 /* TopK.swift */; };
		17553C3E25FA5F9A0035B7F1 /* Subsequence.swift in Sources */ = {isa = PBXBuildFile; fileRef = 17553C3925FA5F9A0035B7F1 /* Subsequence.swift */; };
		17553C3F25FA5F9A0035B7F1 /* SellStock.swift in Sources */ = {isa = PBXBuildFile; fileRef = 17553C3A25FA5F9A0035B7F1 /* SellStock.swift */; };
		17553C4025FA5F9A0035B7F1 /* Sort.swift in Sources */ = {isa = PBXBuildFile; fileRef = 17553C3B25FA5F9A0035B7F1 /* Sort.swift */; };
		17553C4325FA5FA10035B7F1 /* LinkList.swift in Sources */ = {isa = PBXBuildFile; fileRef = 17553C4225FA5FA10035B7F1 /* LinkList.swift */; };
		17553C4725FA69230035B7F1 /* DailyTemperature.swift in Sources */ = {isa = PBXBuildFile; fileRef = 17553C4625FA69230035B7F1 /* DailyTemperature.swift */; };
		17B7C69525FB1C4E00AE4F53 /* CollectRainwater.swift in Sources */ = {isa = PBXBuildFile; fileRef = 17B7C69425FB1C4E00AE4F53 /* CollectRainwater.swift */; };
/* End PBXBuildFile section */

/* Begin PBXCopyFilesBuildPhase section */
		170B2EC925E88FA30021A34A /* CopyFiles */ = {
			isa = PBXCopyFilesBuildPhase;
			buildActionMask = 2147483647;
			dstPath = /usr/share/man/man1/;
			dstSubfolderSpec = 0;
			files = (
			);
			runOnlyForDeploymentPostprocessing = 1;
		};
/* End PBXCopyFilesBuildPhase section */

/* Begin PBXFileReference section */
		170B2ECB25E88FA30021A34A /* LeetCode */ = {isa = PBXFileReference; explicitFileType = "compiled.mach-o.executable"; includeInIndex = 0; path = LeetCode; sourceTree = BUILT_PRODUCTS_DIR; };
		170B2ECE25E88FA30021A34A /* main.swift */ = {isa = PBXFileReference; lastKnownFileType = sourcecode.swift; path = main.swift; sourceTree = "<group>"; };
		170B2ED625E890320021A34A /* NQueue.swift */ = {isa = PBXFileReference; lastKnownFileType = sourcecode.swift; path = NQueue.swift; sourceTree = "<group>"; };
		170B2EDB25E8A2500021A34A /* FindNearestAncestor.swift */ = {isa = PBXFileReference; lastKnownFileType = sourcecode.swift; path = FindNearestAncestor.swift; sourceTree = "<group>"; };
		170B2EDE25E8CA740021A34A /* RecoverBST.swift */ = {isa = PBXFileReference; lastKnownFileType = sourcecode.swift; path = RecoverBST.swift; sourceTree = "<group>"; };
		17553C3725FA5F9A0035B7F1 /* ShortPath.swift */ = {isa = PBXFileReference; fileEncoding = 4; lastKnownFileType = sourcecode.swift; path = ShortPath.swift; sourceTree = "<group>"; };
		17553C3825FA5F9A0035B7F1 /* TopK.swift */ = {isa = PBXFileReference; fileEncoding = 4; lastKnownFileType = sourcecode.swift; path = TopK.swift; sourceTree = "<group>"; };
		17553C3925FA5F9A0035B7F1 /* Subsequence.swift */ = {isa = PBXFileReference; fileEncoding = 4; lastKnownFileType = sourcecode.swift; path = Subsequence.swift; sourceTree = "<group>"; };
		17553C3A25FA5F9A0035B7F1 /* SellStock.swift */ = {isa = PBXFileReference; fileEncoding = 4; lastKnownFileType = sourcecode.swift; path = SellStock.swift; sourceTree = "<group>"; };
		17553C3B25FA5F9A0035B7F1 /* Sort.swift */ = {isa = PBXFileReference; fileEncoding = 4; lastKnownFileType = sourcecode.swift; path = Sort.swift; sourceTree = "<group>"; };
		17553C4225FA5FA10035B7F1 /* LinkList.swift */ = {isa = PBXFileReference; fileEncoding = 4; lastKnownFileType = sourcecode.swift; path = LinkList.swift; sourceTree = "<group>"; };
		17553C4625FA69230035B7F1 /* DailyTemperature.swift */ = {isa = PBXFileReference; lastKnownFileType = sourcecode.swift; path = DailyTemperature.swift; sourceTree = "<group>"; };
		17B7C69425FB1C4E00AE4F53 /* CollectRainwater.swift */ = {isa = PBXFileReference; lastKnownFileType = sourcecode.swift; path = CollectRainwater.swift; sourceTree = "<group>"; };
/* End PBXFileReference section */

/* Begin PBXFrameworksBuildPhase section */
		170B2EC825E88FA30021A34A /* Frameworks */ = {
			isa = PBXFrameworksBuildPhase;
			buildActionMask = 2147483647;
			files = (
			);
			runOnlyForDeploymentPostprocessing = 0;
		};
/* End PBXFrameworksBuildPhase section */

/* Begin PBXGroup section */
		170B2EC225E88FA30021A34A = {
			isa = PBXGroup;
			children = (
				170B2ECD25E88FA30021A34A /* LeetCode */,
				170B2ECC25E88FA30021A34A /* Products */,
			);
			sourceTree = "<group>";
		};
		170B2ECC25E88FA30021A34A /* Products */ = {
			isa = PBXGroup;
			children = (
				170B2ECB25E88FA30021A34A /* LeetCode */,
			);
			name = Products;
			sourceTree = "<group>";
		};
		170B2ECD25E88FA30021A34A /* LeetCode */ = {
			isa = PBXGroup;
			children = (
				170B2ECE25E88FA30021A34A /* main.swift */,
				170B2ED625E890320021A34A /* NQueue.swift */,
				170B2EDB25E8A2500021A34A /* FindNearestAncestor.swift */,
				170B2EDE25E8CA740021A34A /* RecoverBST.swift */,
				17553C3A25FA5F9A0035B7F1 /* SellStock.swift */,
				17553C3725FA5F9A0035B7F1 /* ShortPath.swift */,
				17553C3B25FA5F9A0035B7F1 /* Sort.swift */,
				17553C3925FA5F9A0035B7F1 /* Subsequence.swift */,
				17553C3825FA5F9A0035B7F1 /* TopK.swift */,
				17553C4225FA5FA10035B7F1 /* LinkList.swift */,
				17553C4625FA69230035B7F1 /* DailyTemperature.swift */,
				17B7C69425FB1C4E00AE4F53 /* CollectRainwater.swift */,
			);
			path = LeetCode;
			sourceTree = "<group>";
		};
/* End PBXGroup section */

/* Begin PBXNativeTarget section */
		170B2ECA25E88FA30021A34A /* LeetCode */ = {
			isa = PBXNativeTarget;
			buildConfigurationList = 170B2ED225E88FA30021A34A /* Build configuration list for PBXNativeTarget "LeetCode" */;
			buildPhases = (
				170B2EC725E88FA30021A34A /* Sources */,
				170B2EC825E88FA30021A34A /* Frameworks */,
				170B2EC925E88FA30021A34A /* CopyFiles */,
			);
			buildRules = (
			);
			dependencies = (
			);
			name = LeetCode;
			productName = LeetCode;
			productReference = 170B2ECB25E88FA30021A34A /* LeetCode */;
			productType = "com.apple.product-type.tool";
		};
/* End PBXNativeTarget section */

/* Begin PBXProject section */
		170B2EC325E88FA30021A34A /* Project object */ = {
			isa = PBXProject;
			attributes = {
				LastSwiftUpdateCheck = 1240;
				LastUpgradeCheck = 1240;
				TargetAttributes = {
					170B2ECA25E88FA30021A34A = {
						CreatedOnToolsVersion = 12.4;
					};
				};
			};
			buildConfigurationList = 170B2EC625E88FA30021A34A /* Build configuration list for PBXProject "LeetCode" */;
			compatibilityVersion = "Xcode 9.3";
			developmentRegion = en;
			hasScannedForEncodings = 0;
			knownRegions = (
				en,
				Base,
			);
			mainGroup = 170B2EC225E88FA30021A34A;
			productRefGroup = 170B2ECC25E88FA30021A34A /* Products */;
			projectDirPath = "";
			projectRoot = "";
			targets = (
				170B2ECA25E88FA30021A34A /* LeetCode */,
			);
		};
/* End PBXProject section */

/* Begin PBXSourcesBuildPhase section */
		170B2EC725E88FA30021A34A /* Sources */ = {
			isa = PBXSourcesBuildPhase;
			buildActionMask = 2147483647;
			files = (
				170B2EDC25E8A2500021A34A /* FindNearestAncestor.swift in Sources */,
				17553C3E25FA5F9A0035B7F1 /* Subsequence.swift in Sources */,
				17553C4025FA5F9A0035B7F1 /* Sort.swift in Sources */,
				17553C3C25FA5F9A0035B7F1 /* ShortPath.swift in Sources */,
				17B7C69525FB1C4E00AE4F53 /* CollectRainwater.swift in Sources */,
				170B2ED725E890320021A34A /* NQueue.swift in Sources */,
				17553C3D25FA5F9A0035B7F1 /* TopK.swift in Sources */,
				170B2EDF25E8CA740021A34A /* RecoverBST.swift in Sources */,
				17553C4325FA5FA10035B7F1 /* LinkList.swift in Sources */,
				17553C3F25FA5F9A0035B7F1 /* SellStock.swift in Sources */,
				17553C4725FA69230035B7F1 /* DailyTemperature.swift in Sources */,
				170B2ECF25E88FA30021A34A /* main.swift in Sources */,
			);
			runOnlyForDeploymentPostprocessing = 0;
		};
/* End PBXSourcesBuildPhase section */

/* Begin XCBuildConfiguration section */
		170B2ED025E88FA30021A34A /* Debug */ = {
			isa = XCBuildConfiguration;
			buildSettings = {
				ALWAYS_SEARCH_USER_PATHS = NO;
				CLANG_ANALYZER_NONNULL = YES;
				CLANG_ANALYZER_NUMBER_OBJECT_CONVERSION = YES_AGGRESSIVE;
				CLANG_CXX_LANGUAGE_STANDARD = "gnu++14";
				CLANG_CXX_LIBRARY = "libc++";
				CLANG_ENABLE_MODULES = YES;
				CLANG_ENABLE_OBJC_ARC = YES;
				CLANG_ENABLE_OBJC_WEAK = YES;
				CLANG_WARN_BLOCK_CAPTURE_AUTORELEASING = YES;
				CLANG_WARN_BOOL_CONVERSION = YES;
				CLANG_WARN_COMMA = YES;
				CLANG_WARN_CONSTANT_CONVERSION = YES;
				CLANG_WARN_DEPRECATED_OBJC_IMPLEMENTATIONS = YES;
				CLANG_WARN_DIRECT_OBJC_ISA_USAGE = YES_ERROR;
				CLANG_WARN_DOCUMENTATION_COMMENTS = YES;
				CLANG_WARN_EMPTY_BODY = YES;
				CLANG_WARN_ENUM_CONVERSION = YES;
				CLANG_WARN_INFINITE_RECURSION = YES;
				CLANG_WARN_INT_CONVERSION = YES;
				CLANG_WARN_NON_LITERAL_NULL_CONVERSION = YES;
				CLANG_WARN_OBJC_IMPLICIT_RETAIN_SELF = YES;
				CLANG_WARN_OBJC_LITERAL_CONVERSION = YES;
				CLANG_WARN_OBJC_ROOT_CLASS = YES_ERROR;
				CLANG_WARN_QUOTED_INCLUDE_IN_FRAMEWORK_HEADER = YES;
				CLANG_WARN_RANGE_LOOP_ANALYSIS = YES;
				CLANG_WARN_STRICT_PROTOTYPES = YES;
				CLANG_WARN_SUSPICIOUS_MOVE = YES;
				CLANG_WARN_UNGUARDED_AVAILABILITY = YES_AGGRESSIVE;
				CLANG_WARN_UNREACHABLE_CODE = YES;
				CLANG_WARN__DUPLICATE_METHOD_MATCH = YES;
				COPY_PHASE_STRIP = NO;
				DEBUG_INFORMATION_FORMAT = dwarf;
				ENABLE_STRICT_OBJC_MSGSEND = YES;
				ENABLE_TESTABILITY = YES;
				GCC_C_LANGUAGE_STANDARD = gnu11;
				GCC_DYNAMIC_NO_PIC = NO;
				GCC_NO_COMMON_BLOCKS = YES;
				GCC_OPTIMIZATION_LEVEL = 0;
				GCC_PREPROCESSOR_DEFINITIONS = (
					"DEBUG=1",
					"$(inherited)",
				);
				GCC_WARN_64_TO_32_BIT_CONVERSION = YES;
				GCC_WARN_ABOUT_RETURN_TYPE = YES_ERROR;
				GCC_WARN_UNDECLARED_SELECTOR = YES;
				GCC_WARN_UNINITIALIZED_AUTOS = YES_AGGRESSIVE;
				GCC_WARN_UNUSED_FUNCTION = YES;
				GCC_WARN_UNUSED_VARIABLE = YES;
				MACOSX_DEPLOYMENT_TARGET = 11.0;
				MTL_ENABLE_DEBUG_INFO = INCLUDE_SOURCE;
				MTL_FAST_MATH = YES;
				ONLY_ACTIVE_ARCH = YES;
				SDKROOT = macosx;
				SWIFT_ACTIVE_COMPILATION_CONDITIONS = DEBUG;
				SWIFT_OPTIMIZATION_LEVEL = "-Onone";
			};
			name = Debug;
		};
		170B2ED125E88FA30021A34A /* Release */ = {
			isa = XCBuildConfiguration;
			buildSettings = {
				ALWAYS_SEARCH_USER_PATHS = NO;
				CLANG_ANALYZER_NONNULL = YES;
				CLANG_ANALYZER_NUMBER_OBJECT_CONVERSION = YES_AGGRESSIVE;
				CLANG_CXX_LANGUAGE_STANDARD = "gnu++14";
				CLANG_CXX_LIBRARY = "libc++";
				CLANG_ENABLE_MODULES = YES;
				CLANG_ENABLE_OBJC_ARC = YES;
				CLANG_ENABLE_OBJC_WEAK = YES;
				CLANG_WARN_BLOCK_CAPTURE_AUTORELEASING = YES;
				CLANG_WARN_BOOL_CONVERSION = YES;
				CLANG_WARN_COMMA = YES;
				CLANG_WARN_CONSTANT_CONVERSION = YES;
				CLANG_WARN_DEPRECATED_OBJC_IMPLEMENTATIONS = YES;
				CLANG_WARN_DIRECT_OBJC_ISA_USAGE = YES_ERROR;
				CLANG_WARN_DOCUMENTATION_COMMENTS = YES;
				CLANG_WARN_EMPTY_BODY = YES;
				CLANG_WARN_ENUM_CONVERSION = YES;
				CLANG_WARN_INFINITE_RECURSION = YES;
				CLANG_WARN_INT_CONVERSION = YES;
				CLANG_WARN_NON_LITERAL_NULL_CONVERSION = YES;
				CLANG_WARN_OBJC_IMPLICIT_RETAIN_SELF = YES;
				CLANG_WARN_OBJC_LITERAL_CONVERSION = YES;
				CLANG_WARN_OBJC_ROOT_CLASS = YES_ERROR;
				CLANG_WARN_QUOTED_INCLUDE_IN_FRAMEWORK_HEADER = YES;
				CLANG_WARN_RANGE_LOOP_ANALYSIS = YES;
				CLANG_WARN_STRICT_PROTOTYPES = YES;
				CLANG_WARN_SUSPICIOUS_MOVE = YES;
				CLANG_WARN_UNGUARDED_AVAILABILITY = YES_AGGRESSIVE;
				CLANG_WARN_UNREACHABLE_CODE = YES;
				CLANG_WARN__DUPLICATE_METHOD_MATCH = YES;
				COPY_PHASE_STRIP = NO;
				DEBUG_INFORMATION_FORMAT = "dwarf-with-dsym";
				ENABLE_NS_ASSERTIONS = NO;
				ENABLE_STRICT_OBJC_MSGSEND = YES;
				GCC_C_LANGUAGE_STANDARD = gnu11;
				GCC_NO_COMMON_BLOCKS = YES;
				GCC_WARN_64_TO_32_BIT_CONVERSION = YES;
				GCC_WARN_ABOUT_RETURN_TYPE = YES_ERROR;
				GCC_WARN_UNDECLARED_SELECTOR = YES;
				GCC_WARN_UNINITIALIZED_AUTOS = YES_AGGRESSIVE;
				GCC_WARN_UNUSED_FUNCTION = YES;
				GCC_WARN_UNUSED_VARIABLE = YES;
				MACOSX_DEPLOYMENT_TARGET = 11.0;
				MTL_ENABLE_DEBUG_INFO = NO;
				MTL_FAST_MATH = YES;
				SDKROOT = macosx;
				SWIFT_COMPILATION_MODE = wholemodule;
				SWIFT_OPTIMIZATION_LEVEL = "-O";
			};
			name = Release;
		};
		170B2ED325E88FA30021A34A /* Debug */ = {
			isa = XCBuildConfiguration;
			buildSettings = {
				CODE_SIGN_STYLE = Automatic;
				DEVELOPMENT_TEAM = F2YPF77FCC;
				ENABLE_HARDENED_RUNTIME = YES;
				PRODUCT_NAME = "$(TARGET_NAME)";
				SWIFT_VERSION = 5.0;
			};
			name = Debug;
		};
		170B2ED425E88FA30021A34A /* Release */ = {
			isa = XCBuildConfiguration;
			buildSettings = {
				CODE_SIGN_STYLE = Automatic;
				DEVELOPMENT_TEAM = F2YPF77FCC;
				ENABLE_HARDENED_RUNTIME = YES;
				PRODUCT_NAME = "$(TARGET_NAME)";
				SWIFT_VERSION = 5.0;
			};
			name = Release;
		};
/* End XCBuildConfiguration section */

/* Begin XCConfigurationList section */
		170B2EC625E88FA30021A34A /* Build configuration list for PBXProject "LeetCode" */ = {
			isa = XCConfigurationList;
			buildConfigurations = (
				170B2ED025E88FA30021A34A /* Debug */,
				170B2ED125E88FA30021A34A /* Release */,
			);
			defaultConfigurationIsVisible = 0;
			defaultConfigurationName = Release;
		};
		170B2ED225E88FA30021A34A /* Build configuration list for PBXNativeTarget "LeetCode" */ = {
			isa = XCConfigurationList;
			buildConfigurations = (
				170B2ED325E88FA30021A34A /* Debug */,
				170B2ED425E88FA30021A34A /* Release */,
			);
			defaultConfigurationIsVisible = 0;
			defaultConfigurationName = Release;
		};
/* End XCConfigurationList section */
	};
	rootObject = 170B2EC325E88FA30021A34A /* Project object */;
}
